// !$*UTF8*$!
{
	archiveVersion = 1;
	classes = {
	};
	objectVersion = 55;
	objects = {

/* Begin PBXBuildFile section */
		840FE2AF27D5D28A00B574C4 /* Breathwork_PacerApp.swift in Sources */ = {isa = PBXBuildFile; fileRef = 840FE2AE27D5D28A00B574C4 /* Breathwork_PacerApp.swift */; };
		840FE2B127D5D28A00B574C4 /* CoreDataBoilerPlateView.swift in Sources */ = {isa = PBXBuildFile; fileRef = 840FE2B027D5D28A00B574C4 /* CoreDataBoilerPlateView.swift */; };
		840FE2B327D5D28A00B574C4 /* Assets.xcassets in Resources */ = {isa = PBXBuildFile; fileRef = 840FE2B227D5D28A00B574C4 /* Assets.xcassets */; };
		840FE2B627D5D28A00B574C4 /* Preview Assets.xcassets in Resources */ = {isa = PBXBuildFile; fileRef = 840FE2B527D5D28A00B574C4 /* Preview Assets.xcassets */; };
		840FE2BB27D5D28A00B574C4 /* Breathwork_Pacer.xcdatamodeld in Sources */ = {isa = PBXBuildFile; fileRef = 840FE2B927D5D28A00B574C4 /* Breathwork_Pacer.xcdatamodeld */; };
		8410EF7227E14F550046FC12 /* WorkoutView.swift in Sources */ = {isa = PBXBuildFile; fileRef = 8410EF7127E14F550046FC12 /* WorkoutView.swift */; };
		8418D97027E168A1004C43B8 /* TimerView.swift in Sources */ = {isa = PBXBuildFile; fileRef = 8418D96F27E168A1004C43B8 /* TimerView.swift */; };
		8418D97227E18C75004C43B8 /* WorkoutViewModel.swift in Sources */ = {isa = PBXBuildFile; fileRef = 8418D97127E18C75004C43B8 /* WorkoutViewModel.swift */; };
		8418D97427E18C8D004C43B8 /* Workout.swift in Sources */ = {isa = PBXBuildFile; fileRef = 8418D97327E18C8D004C43B8 /* Workout.swift */; };
		8457F0EB27DFF8740059D627 /* default_workouts.json in Resources */ = {isa = PBXBuildFile; fileRef = 8457F0EA27DFF8740059D627 /* default_workouts.json */; };
		846B98F227DFFAC0009367F6 /* HomeWorkoutsListView.swift in Sources */ = {isa = PBXBuildFile; fileRef = 846B98F127DFFAC0009367F6 /* HomeWorkoutsListView.swift */; };
		846B98F427DFFADA009367F6 /* BreathSetsModel.swift in Sources */ = {isa = PBXBuildFile; fileRef = 846B98F327DFFADA009367F6 /* BreathSetsModel.swift */; };
		846B98F627DFFC13009367F6 /* JSONModels.swift in Sources */ = {isa = PBXBuildFile; fileRef = 846B98F527DFFC13009367F6 /* JSONModels.swift */; };
		846B98FD27E00133009367F6 /* BreathStep+CoreDataClass.swift in Sources */ = {isa = PBXBuildFile; fileRef = 846B98F927E00133009367F6 /* BreathStep+CoreDataClass.swift */; };
		846B98FE27E00133009367F6 /* BreathStep+CoreDataProperties.swift in Sources */ = {isa = PBXBuildFile; fileRef = 846B98FA27E00133009367F6 /* BreathStep+CoreDataProperties.swift */; };
		846B990127E004F3009367F6 /* Constants.swift in Sources */ = {isa = PBXBuildFile; fileRef = 846B990027E004F3009367F6 /* Constants.swift */; };
		846B990427E00E1A009367F6 /* BreathSet+CoreDataClass.swift in Sources */ = {isa = PBXBuildFile; fileRef = 846B990227E00E1A009367F6 /* BreathSet+CoreDataClass.swift */; };
		846B990527E00E1A009367F6 /* BreathSet+CoreDataProperties.swift in Sources */ = {isa = PBXBuildFile; fileRef = 846B990327E00E1A009367F6 /* BreathSet+CoreDataProperties.swift */; };
		846B990727E02AAE009367F6 /* EditStepsView.swift in Sources */ = {isa = PBXBuildFile; fileRef = 846B990627E02AAE009367F6 /* EditStepsView.swift */; };
		848EFBBE27D7126C00F1D243 /* Enumerations.swift in Sources */ = {isa = PBXBuildFile; fileRef = 848EFBBD27D7126C00F1D243 /* Enumerations.swift */; };
		848EFBC527D7218800F1D243 /* BreathStepView.swift in Sources */ = {isa = PBXBuildFile; fileRef = 848EFBC427D7218800F1D243 /* BreathStepView.swift */; };
		84D197F527E052B60083983D /* StorageProvider.swift in Sources */ = {isa = PBXBuildFile; fileRef = 84D197F427E052B60083983D /* StorageProvider.swift */; };
		84D197F727E059430083983D /* BreathSet+PreviewProvider.swift in Sources */ = {isa = PBXBuildFile; fileRef = 84D197F627E059430083983D /* BreathSet+PreviewProvider.swift */; };
/* End PBXBuildFile section */

/* Begin PBXFileReference section */
		840FE2AB27D5D28A00B574C4 /* Breathwork Pacer.app */ = {isa = PBXFileReference; explicitFileType = wrapper.application; includeInIndex = 0; path = "Breathwork Pacer.app"; sourceTree = BUILT_PRODUCTS_DIR; };
		840FE2AE27D5D28A00B574C4 /* Breathwork_PacerApp.swift */ = {isa = PBXFileReference; lastKnownFileType = sourcecode.swift; path = Breathwork_PacerApp.swift; sourceTree = "<group>"; };
		840FE2B027D5D28A00B574C4 /* CoreDataBoilerPlateView.swift */ = {isa = PBXFileReference; lastKnownFileType = sourcecode.swift; path = CoreDataBoilerPlateView.swift; sourceTree = "<group>"; };
		840FE2B227D5D28A00B574C4 /* Assets.xcassets */ = {isa = PBXFileReference; lastKnownFileType = folder.assetcatalog; path = Assets.xcassets; sourceTree = "<group>"; };
		840FE2B527D5D28A00B574C4 /* Preview Assets.xcassets */ = {isa = PBXFileReference; lastKnownFileType = folder.assetcatalog; path = "Preview Assets.xcassets"; sourceTree = "<group>"; };
		840FE2BA27D5D28A00B574C4 /* Breathwork_Pacer.xcdatamodel */ = {isa = PBXFileReference; lastKnownFileType = wrapper.xcdatamodel; path = Breathwork_Pacer.xcdatamodel; sourceTree = "<group>"; };
		8410EF7127E14F550046FC12 /* WorkoutView.swift */ = {isa = PBXFileReference; lastKnownFileType = sourcecode.swift; path = WorkoutView.swift; sourceTree = "<group>"; };
		8418D96F27E168A1004C43B8 /* TimerView.swift */ = {isa = PBXFileReference; lastKnownFileType = sourcecode.swift; path = TimerView.swift; sourceTree = "<group>"; };
		8418D97127E18C75004C43B8 /* WorkoutViewModel.swift */ = {isa = PBXFileReference; lastKnownFileType = sourcecode.swift; path = WorkoutViewModel.swift; sourceTree = "<group>"; };
		8418D97327E18C8D004C43B8 /* Workout.swift */ = {isa = PBXFileReference; lastKnownFileType = sourcecode.swift; path = Workout.swift; sourceTree = "<group>"; };
		8457F0EA27DFF8740059D627 /* default_workouts.json */ = {isa = PBXFileReference; explicitFileType = text.json; path = default_workouts.json; sourceTree = "<group>"; };
		846B98F127DFFAC0009367F6 /* HomeWorkoutsListView.swift */ = {isa = PBXFileReference; lastKnownFileType = sourcecode.swift; path = HomeWorkoutsListView.swift; sourceTree = "<group>"; };
		846B98F327DFFADA009367F6 /* BreathSetsModel.swift */ = {isa = PBXFileReference; lastKnownFileType = sourcecode.swift; path = BreathSetsModel.swift; sourceTree = "<group>"; };
		846B98F527DFFC13009367F6 /* JSONModels.swift */ = {isa = PBXFileReference; lastKnownFileType = sourcecode.swift; path = JSONModels.swift; sourceTree = "<group>"; };
		846B98F927E00133009367F6 /* BreathStep+CoreDataClass.swift */ = {isa = PBXFileReference; lastKnownFileType = sourcecode.swift; path = "BreathStep+CoreDataClass.swift"; sourceTree = "<group>"; };
		846B98FA27E00133009367F6 /* BreathStep+CoreDataProperties.swift */ = {isa = PBXFileReference; lastKnownFileType = sourcecode.swift; path = "BreathStep+CoreDataProperties.swift"; sourceTree = "<group>"; };
		846B990027E004F3009367F6 /* Constants.swift */ = {isa = PBXFileReference; lastKnownFileType = sourcecode.swift; path = Constants.swift; sourceTree = "<group>"; };
		846B990227E00E1A009367F6 /* BreathSet+CoreDataClass.swift */ = {isa = PBXFileReference; lastKnownFileType = sourcecode.swift; path = "BreathSet+CoreDataClass.swift"; sourceTree = "<group>"; };
		846B990327E00E1A009367F6 /* BreathSet+CoreDataProperties.swift */ = {isa = PBXFileReference; lastKnownFileType = sourcecode.swift; path = "BreathSet+CoreDataProperties.swift"; sourceTree = "<group>"; };
		846B990627E02AAE009367F6 /* EditStepsView.swift */ = {isa = PBXFileReference; lastKnownFileType = sourcecode.swift; path = EditStepsView.swift; sourceTree = "<group>"; };
		848EFBBD27D7126C00F1D243 /* Enumerations.swift */ = {isa = PBXFileReference; lastKnownFileType = sourcecode.swift; name = Enumerations.swift; path = Enumerations/Enumerations.swift; sourceTree = "<group>"; };
		848EFBC427D7218800F1D243 /* BreathStepView.swift */ = {isa = PBXFileReference; lastKnownFileType = sourcecode.swift; path = BreathStepView.swift; sourceTree = "<group>"; };
		84D197F427E052B60083983D /* StorageProvider.swift */ = {isa = PBXFileReference; lastKnownFileType = sourcecode.swift; path = StorageProvider.swift; sourceTree = "<group>"; };
		84D197F627E059430083983D /* BreathSet+PreviewProvider.swift */ = {isa = PBXFileReference; lastKnownFileType = sourcecode.swift; name = "BreathSet+PreviewProvider.swift"; path = "Breathwork Pacer/Data/Core Data/BreathSet+PreviewProvider.swift"; sourceTree = SOURCE_ROOT; };
/* End PBXFileReference section */

/* Begin PBXFrameworksBuildPhase section */
		840FE2A827D5D28A00B574C4 /* Frameworks */ = {
			isa = PBXFrameworksBuildPhase;
			buildActionMask = 2147483647;
			files = (
			);
			runOnlyForDeploymentPostprocessing = 0;
		};
/* End PBXFrameworksBuildPhase section */

/* Begin PBXGroup section */
		840FE2A227D5D28A00B574C4 = {
			isa = PBXGroup;
			children = (
				840FE2AE27D5D28A00B574C4 /* Breathwork_PacerApp.swift */,
				840FE2AD27D5D28A00B574C4 /* Breathwork Pacer */,
				840FE2AC27D5D28A00B574C4 /* Products */,
			);
			sourceTree = "<group>";
		};
		840FE2AC27D5D28A00B574C4 /* Products */ = {
			isa = PBXGroup;
			children = (
				840FE2AB27D5D28A00B574C4 /* Breathwork Pacer.app */,
			);
			name = Products;
			sourceTree = "<group>";
		};
		840FE2AD27D5D28A00B574C4 /* Breathwork Pacer */ = {
			isa = PBXGroup;
			children = (
				840FE2B227D5D28A00B574C4 /* Assets.xcassets */,
				840FE2C127D5D29400B574C4 /* Data */,
				840FE2B427D5D28A00B574C4 /* Preview Content */,
				846B98FF27E004E8009367F6 /* Utils */,
				840FE2C227D5D29800B574C4 /* ViewModels */,
				840FE2C327D5D29C00B574C4 /* Views */,
			);
			path = "Breathwork Pacer";
			sourceTree = "<group>";
		};
		840FE2B427D5D28A00B574C4 /* Preview Content */ = {
			isa = PBXGroup;
			children = (
				840FE2B527D5D28A00B574C4 /* Preview Assets.xcassets */,
			);
			path = "Preview Content";
			sourceTree = "<group>";
		};
		840FE2C127D5D29400B574C4 /* Data */ = {
			isa = PBXGroup;
			children = (
				8457F0E927DFF84E0059D627 /* JSON */,
				840FE2C627D5D2C200B574C4 /* Core Data */,
				840FE2C527D5D2AD00B574C4 /* Models */,
				848EFBBD27D7126C00F1D243 /* Enumerations.swift */,
			);
			path = Data;
			sourceTree = "<group>";
		};
		840FE2C227D5D29800B574C4 /* ViewModels */ = {
			isa = PBXGroup;
			children = (
				846B98F327DFFADA009367F6 /* BreathSetsModel.swift */,
				8418D97127E18C75004C43B8 /* WorkoutViewModel.swift */,
			);
			path = ViewModels;
			sourceTree = "<group>";
		};
		840FE2C327D5D29C00B574C4 /* Views */ = {
			isa = PBXGroup;
			children = (
				846B98F127DFFAC0009367F6 /* HomeWorkoutsListView.swift */,
				846B98F027DFFAB2009367F6 /* BreathSets */,
				848EFBC327D7217B00F1D243 /* BreathStep */,
				840FE2B027D5D28A00B574C4 /* CoreDataBoilerPlateView.swift */,
				8410EF7027E14A800046FC12 /* WorkoutView */,
			);
			path = Views;
			sourceTree = "<group>";
		};
		840FE2C527D5D2AD00B574C4 /* Models */ = {
			isa = PBXGroup;
			children = (
				8418D97327E18C8D004C43B8 /* Workout.swift */,
			);
			path = Models;
			sourceTree = "<group>";
		};
		840FE2C627D5D2C200B574C4 /* Core Data */ = {
			isa = PBXGroup;
			children = (
				840FE2B927D5D28A00B574C4 /* Breathwork_Pacer.xcdatamodeld */,
				84D197F627E059430083983D /* BreathSet+PreviewProvider.swift */,
				846B990227E00E1A009367F6 /* BreathSet+CoreDataClass.swift */,
				846B990327E00E1A009367F6 /* BreathSet+CoreDataProperties.swift */,
				846B98F927E00133009367F6 /* BreathStep+CoreDataClass.swift */,
				846B98FA27E00133009367F6 /* BreathStep+CoreDataProperties.swift */,
				84D197F427E052B60083983D /* StorageProvider.swift */,
			);
			path = "Core Data";
			sourceTree = "<group>";
		};
		8410EF7027E14A800046FC12 /* WorkoutView */ = {
			isa = PBXGroup;
			children = (
				8410EF7127E14F550046FC12 /* WorkoutView.swift */,
				8418D96F27E168A1004C43B8 /* TimerView.swift */,
			);
			path = WorkoutView;
			sourceTree = "<group>";
		};
		8457F0E927DFF84E0059D627 /* JSON */ = {
			isa = PBXGroup;
			children = (
				8457F0EA27DFF8740059D627 /* default_workouts.json */,
				846B98F527DFFC13009367F6 /* JSONModels.swift */,
			);
			path = JSON;
			sourceTree = "<group>";
		};
		846B98F027DFFAB2009367F6 /* BreathSets */ = {
			isa = PBXGroup;
			children = (
				846B990627E02AAE009367F6 /* EditStepsView.swift */,
			);
			path = BreathSets;
			sourceTree = "<group>";
		};
		846B98FF27E004E8009367F6 /* Utils */ = {
			isa = PBXGroup;
			children = (
				846B990027E004F3009367F6 /* Constants.swift */,
			);
			path = Utils;
			sourceTree = "<group>";
		};
		848EFBC327D7217B00F1D243 /* BreathStep */ = {
			isa = PBXGroup;
			children = (
				848EFBC427D7218800F1D243 /* BreathStepView.swift */,
			);
			path = BreathStep;
			sourceTree = "<group>";
		};
/* End PBXGroup section */

/* Begin PBXNativeTarget section */
		840FE2AA27D5D28A00B574C4 /* Breathwork Pacer */ = {
			isa = PBXNativeTarget;
			buildConfigurationList = 840FE2BE27D5D28A00B574C4 /* Build configuration list for PBXNativeTarget "Breathwork Pacer" */;
			buildPhases = (
				840FE2A727D5D28A00B574C4 /* Sources */,
				840FE2A827D5D28A00B574C4 /* Frameworks */,
				840FE2A927D5D28A00B574C4 /* Resources */,
			);
			buildRules = (
			);
			dependencies = (
			);
			name = "Breathwork Pacer";
			productName = "Breathwork Pacer";
			productReference = 840FE2AB27D5D28A00B574C4 /* Breathwork Pacer.app */;
			productType = "com.apple.product-type.application";
		};
/* End PBXNativeTarget section */

/* Begin PBXProject section */
		840FE2A327D5D28A00B574C4 /* Project object */ = {
			isa = PBXProject;
			attributes = {
				BuildIndependentTargetsInParallel = 1;
				LastSwiftUpdateCheck = 1320;
				LastUpgradeCheck = 1320;
				TargetAttributes = {
					840FE2AA27D5D28A00B574C4 = {
						CreatedOnToolsVersion = 13.2.1;
					};
				};
			};
			buildConfigurationList = 840FE2A627D5D28A00B574C4 /* Build configuration list for PBXProject "Breathwork Pacer" */;
			compatibilityVersion = "Xcode 13.0";
			developmentRegion = en;
			hasScannedForEncodings = 0;
			knownRegions = (
				en,
				Base,
			);
			mainGroup = 840FE2A227D5D28A00B574C4;
			productRefGroup = 840FE2AC27D5D28A00B574C4 /* Products */;
			projectDirPath = "";
			projectRoot = "";
			targets = (
				840FE2AA27D5D28A00B574C4 /* Breathwork Pacer */,
			);
		};
/* End PBXProject section */

/* Begin PBXResourcesBuildPhase section */
		840FE2A927D5D28A00B574C4 /* Resources */ = {
			isa = PBXResourcesBuildPhase;
			buildActionMask = 2147483647;
			files = (
				8457F0EB27DFF8740059D627 /* default_workouts.json in Resources */,
				840FE2B627D5D28A00B574C4 /* Preview Assets.xcassets in Resources */,
				840FE2B327D5D28A00B574C4 /* Assets.xcassets in Resources */,
			);
			runOnlyForDeploymentPostprocessing = 0;
		};
/* End PBXResourcesBuildPhase section */

/* Begin PBXSourcesBuildPhase section */
		840FE2A727D5D28A00B574C4 /* Sources */ = {
			isa = PBXSourcesBuildPhase;
			buildActionMask = 2147483647;
			files = (
				8418D97027E168A1004C43B8 /* TimerView.swift in Sources */,
				84D197F527E052B60083983D /* StorageProvider.swift in Sources */,
				840FE2BB27D5D28A00B574C4 /* Breathwork_Pacer.xcdatamodeld in Sources */,
				8418D97427E18C8D004C43B8 /* Workout.swift in Sources */,
				846B990427E00E1A009367F6 /* BreathSet+CoreDataClass.swift in Sources */,
				840FE2B127D5D28A00B574C4 /* CoreDataBoilerPlateView.swift in Sources */,
				848EFBC527D7218800F1D243 /* BreathStepView.swift in Sources */,
				846B98F427DFFADA009367F6 /* BreathSetsModel.swift in Sources */,
				846B990727E02AAE009367F6 /* EditStepsView.swift in Sources */,
				840FE2AF27D5D28A00B574C4 /* Breathwork_PacerApp.swift in Sources */,
				846B98FD27E00133009367F6 /* BreathStep+CoreDataClass.swift in Sources */,
				8410EF7227E14F550046FC12 /* WorkoutView.swift in Sources */,
				846B98FE27E00133009367F6 /* BreathStep+CoreDataProperties.swift in Sources */,
				848EFBBE27D7126C00F1D243 /* Enumerations.swift in Sources */,
				846B990527E00E1A009367F6 /* BreathSet+CoreDataProperties.swift in Sources */,
				84D197F727E059430083983D /* BreathSet+PreviewProvider.swift in Sources */,
				846B990127E004F3009367F6 /* Constants.swift in Sources */,
				8418D97227E18C75004C43B8 /* WorkoutViewModel.swift in Sources */,
				846B98F627DFFC13009367F6 /* JSONModels.swift in Sources */,
				846B98F227DFFAC0009367F6 /* HomeWorkoutsListView.swift in Sources */,
			);
			runOnlyForDeploymentPostprocessing = 0;
		};
/* End PBXSourcesBuildPhase section */

/* Begin XCBuildConfiguration section */
		840FE2BC27D5D28A00B574C4 /* Debug */ = {
			isa = XCBuildConfiguration;
			buildSettings = {
				ALWAYS_SEARCH_USER_PATHS = NO;
				CLANG_ANALYZER_NONNULL = YES;
				CLANG_ANALYZER_NUMBER_OBJECT_CONVERSION = YES_AGGRESSIVE;
				CLANG_CXX_LANGUAGE_STANDARD = "gnu++17";
				CLANG_CXX_LIBRARY = "libc++";
				CLANG_ENABLE_MODULES = YES;
				CLANG_ENABLE_OBJC_ARC = YES;
				CLANG_ENABLE_OBJC_WEAK = YES;
				CLANG_WARN_BLOCK_CAPTURE_AUTORELEASING = YES;
				CLANG_WARN_BOOL_CONVERSION = YES;
				CLANG_WARN_COMMA = YES;
				CLANG_WARN_CONSTANT_CONVERSION = YES;
				CLANG_WARN_DEPRECATED_OBJC_IMPLEMENTATIONS = YES;
				CLANG_WARN_DIRECT_OBJC_ISA_USAGE = YES_ERROR;
				CLANG_WARN_DOCUMENTATION_COMMENTS = YES;
				CLANG_WARN_EMPTY_BODY = YES;
				CLANG_WARN_ENUM_CONVERSION = YES;
				CLANG_WARN_INFINITE_RECURSION = YES;
				CLANG_WARN_INT_CONVERSION = YES;
				CLANG_WARN_NON_LITERAL_NULL_CONVERSION = YES;
				CLANG_WARN_OBJC_IMPLICIT_RETAIN_SELF = YES;
				CLANG_WARN_OBJC_LITERAL_CONVERSION = YES;
				CLANG_WARN_OBJC_ROOT_CLASS = YES_ERROR;
				CLANG_WARN_QUOTED_INCLUDE_IN_FRAMEWORK_HEADER = YES;
				CLANG_WARN_RANGE_LOOP_ANALYSIS = YES;
				CLANG_WARN_STRICT_PROTOTYPES = YES;
				CLANG_WARN_SUSPICIOUS_MOVE = YES;
				CLANG_WARN_UNGUARDED_AVAILABILITY = YES_AGGRESSIVE;
				CLANG_WARN_UNREACHABLE_CODE = YES;
				CLANG_WARN__DUPLICATE_METHOD_MATCH = YES;
				COPY_PHASE_STRIP = NO;
				DEBUG_INFORMATION_FORMAT = dwarf;
				ENABLE_STRICT_OBJC_MSGSEND = YES;
				ENABLE_TESTABILITY = YES;
				GCC_C_LANGUAGE_STANDARD = gnu11;
				GCC_DYNAMIC_NO_PIC = NO;
				GCC_NO_COMMON_BLOCKS = YES;
				GCC_OPTIMIZATION_LEVEL = 0;
				GCC_PREPROCESSOR_DEFINITIONS = (
					"DEBUG=1",
					"$(inherited)",
				);
				GCC_WARN_64_TO_32_BIT_CONVERSION = YES;
				GCC_WARN_ABOUT_RETURN_TYPE = YES_ERROR;
				GCC_WARN_UNDECLARED_SELECTOR = YES;
				GCC_WARN_UNINITIALIZED_AUTOS = YES_AGGRESSIVE;
				GCC_WARN_UNUSED_FUNCTION = YES;
				GCC_WARN_UNUSED_VARIABLE = YES;
				IPHONEOS_DEPLOYMENT_TARGET = 15.2;
				MTL_ENABLE_DEBUG_INFO = INCLUDE_SOURCE;
				MTL_FAST_MATH = YES;
				ONLY_ACTIVE_ARCH = YES;
				SDKROOT = iphoneos;
				SWIFT_ACTIVE_COMPILATION_CONDITIONS = DEBUG;
				SWIFT_OPTIMIZATION_LEVEL = "-Onone";
			};
			name = Debug;
		};
		840FE2BD27D5D28A00B574C4 /* Release */ = {
			isa = XCBuildConfiguration;
			buildSettings = {
				ALWAYS_SEARCH_USER_PATHS = NO;
				CLANG_ANALYZER_NONNULL = YES;
				CLANG_ANALYZER_NUMBER_OBJECT_CONVERSION = YES_AGGRESSIVE;
				CLANG_CXX_LANGUAGE_STANDARD = "gnu++17";
				CLANG_CXX_LIBRARY = "libc++";
				CLANG_ENABLE_MODULES = YES;
				CLANG_ENABLE_OBJC_ARC = YES;
				CLANG_ENABLE_OBJC_WEAK = YES;
				CLANG_WARN_BLOCK_CAPTURE_AUTORELEASING = YES;
				CLANG_WARN_BOOL_CONVERSION = YES;
				CLANG_WARN_COMMA = YES;
				CLANG_WARN_CONSTANT_CONVERSION = YES;
				CLANG_WARN_DEPRECATED_OBJC_IMPLEMENTATIONS = YES;
				CLANG_WARN_DIRECT_OBJC_ISA_USAGE = YES_ERROR;
				CLANG_WARN_DOCUMENTATION_COMMENTS = YES;
				CLANG_WARN_EMPTY_BODY = YES;
				CLANG_WARN_ENUM_CONVERSION = YES;
				CLANG_WARN_INFINITE_RECURSION = YES;
				CLANG_WARN_INT_CONVERSION = YES;
				CLANG_WARN_NON_LITERAL_NULL_CONVERSION = YES;
				CLANG_WARN_OBJC_IMPLICIT_RETAIN_SELF = YES;
				CLANG_WARN_OBJC_LITERAL_CONVERSION = YES;
				CLANG_WARN_OBJC_ROOT_CLASS = YES_ERROR;
				CLANG_WARN_QUOTED_INCLUDE_IN_FRAMEWORK_HEADER = YES;
				CLANG_WARN_RANGE_LOOP_ANALYSIS = YES;
				CLANG_WARN_STRICT_PROTOTYPES = YES;
				CLANG_WARN_SUSPICIOUS_MOVE = YES;
				CLANG_WARN_UNGUARDED_AVAILABILITY = YES_AGGRESSIVE;
				CLANG_WARN_UNREACHABLE_CODE = YES;
				CLANG_WARN__DUPLICATE_METHOD_MATCH = YES;
				COPY_PHASE_STRIP = NO;
				DEBUG_INFORMATION_FORMAT = "dwarf-with-dsym";
				ENABLE_NS_ASSERTIONS = NO;
				ENABLE_STRICT_OBJC_MSGSEND = YES;
				GCC_C_LANGUAGE_STANDARD = gnu11;
				GCC_NO_COMMON_BLOCKS = YES;
				GCC_WARN_64_TO_32_BIT_CONVERSION = YES;
				GCC_WARN_ABOUT_RETURN_TYPE = YES_ERROR;
				GCC_WARN_UNDECLARED_SELECTOR = YES;
				GCC_WARN_UNINITIALIZED_AUTOS = YES_AGGRESSIVE;
				GCC_WARN_UNUSED_FUNCTION = YES;
				GCC_WARN_UNUSED_VARIABLE = YES;
				IPHONEOS_DEPLOYMENT_TARGET = 15.2;
				MTL_ENABLE_DEBUG_INFO = NO;
				MTL_FAST_MATH = YES;
				SDKROOT = iphoneos;
				SWIFT_COMPILATION_MODE = wholemodule;
				SWIFT_OPTIMIZATION_LEVEL = "-O";
				VALIDATE_PRODUCT = YES;
			};
			name = Release;
		};
		840FE2BF27D5D28A00B574C4 /* Debug */ = {
			isa = XCBuildConfiguration;
			buildSettings = {
				ASSETCATALOG_COMPILER_APPICON_NAME = AppIcon;
				ASSETCATALOG_COMPILER_GLOBAL_ACCENT_COLOR_NAME = AccentColor;
				CODE_SIGN_STYLE = Automatic;
				CURRENT_PROJECT_VERSION = 1;
				DEVELOPMENT_ASSET_PATHS = "\"Breathwork Pacer/Preview Content\"";
				DEVELOPMENT_TEAM = BY93XN74UV;
				ENABLE_PREVIEWS = YES;
				GENERATE_INFOPLIST_FILE = YES;
				INFOPLIST_KEY_UIApplicationSceneManifest_Generation = YES;
				INFOPLIST_KEY_UIApplicationSupportsIndirectInputEvents = YES;
				INFOPLIST_KEY_UILaunchScreen_Generation = YES;
				INFOPLIST_KEY_UISupportedInterfaceOrientations_iPad = "UIInterfaceOrientationPortrait UIInterfaceOrientationPortraitUpsideDown UIInterfaceOrientationLandscapeLeft UIInterfaceOrientationLandscapeRight";
				INFOPLIST_KEY_UISupportedInterfaceOrientations_iPhone = "UIInterfaceOrientationPortrait UIInterfaceOrientationLandscapeLeft UIInterfaceOrientationLandscapeRight";
				LD_RUNPATH_SEARCH_PATHS = (
					"$(inherited)",
					"@executable_path/Frameworks",
				);
				MARKETING_VERSION = 1.0;
				PRODUCT_BUNDLE_IDENTIFIER = "training.franklin.dev.Breathwork-Pacer";
				PRODUCT_NAME = "$(TARGET_NAME)";
				SWIFT_EMIT_LOC_STRINGS = YES;
				SWIFT_VERSION = 5.0;
				TARGETED_DEVICE_FAMILY = "1,2";
			};
			name = Debug;
		};
		840FE2C027D5D28A00B574C4 /* Release */ = {
			isa = XCBuildConfiguration;
			buildSettings = {
				ASSETCATALOG_COMPILER_APPICON_NAME = AppIcon;
				ASSETCATALOG_COMPILER_GLOBAL_ACCENT_COLOR_NAME = AccentColor;
				CODE_SIGN_STYLE = Automatic;
				CURRENT_PROJECT_VERSION = 1;
				DEVELOPMENT_ASSET_PATHS = "\"Breathwork Pacer/Preview Content\"";
				DEVELOPMENT_TEAM = BY93XN74UV;
				ENABLE_PREVIEWS = YES;
				GENERATE_INFOPLIST_FILE = YES;
				INFOPLIST_KEY_UIApplicationSceneManifest_Generation = YES;
				INFOPLIST_KEY_UIApplicationSupportsIndirectInputEvents = YES;
				INFOPLIST_KEY_UILaunchScreen_Generation = YES;
				INFOPLIST_KEY_UISupportedInterfaceOrientations_iPad = "UIInterfaceOrientationPortrait UIInterfaceOrientationPortraitUpsideDown UIInterfaceOrientationLandscapeLeft UIInterfaceOrientationLandscapeRight";
				INFOPLIST_KEY_UISupportedInterfaceOrientations_iPhone = "UIInterfaceOrientationPortrait UIInterfaceOrientationLandscapeLeft UIInterfaceOrientationLandscapeRight";
				LD_RUNPATH_SEARCH_PATHS = (
					"$(inherited)",
					"@executable_path/Frameworks",
				);
				MARKETING_VERSION = 1.0;
				PRODUCT_BUNDLE_IDENTIFIER = "training.franklin.dev.Breathwork-Pacer";
				PRODUCT_NAME = "$(TARGET_NAME)";
				SWIFT_EMIT_LOC_STRINGS = YES;
				SWIFT_VERSION = 5.0;
				TARGETED_DEVICE_FAMILY = "1,2";
			};
			name = Release;
		};
/* End XCBuildConfiguration section */

/* Begin XCConfigurationList section */
		840FE2A627D5D28A00B574C4 /* Build configuration list for PBXProject "Breathwork Pacer" */ = {
			isa = XCConfigurationList;
			buildConfigurations = (
				840FE2BC27D5D28A00B574C4 /* Debug */,
				840FE2BD27D5D28A00B574C4 /* Release */,
			);
			defaultConfigurationIsVisible = 0;
			defaultConfigurationName = Release;
		};
		840FE2BE27D5D28A00B574C4 /* Build configuration list for PBXNativeTarget "Breathwork Pacer" */ = {
			isa = XCConfigurationList;
			buildConfigurations = (
				840FE2BF27D5D28A00B574C4 /* Debug */,
				840FE2C027D5D28A00B574C4 /* Release */,
			);
			defaultConfigurationIsVisible = 0;
			defaultConfigurationName = Release;
		};
/* End XCConfigurationList section */

/* Begin XCVersionGroup section */
		840FE2B927D5D28A00B574C4 /* Breathwork_Pacer.xcdatamodeld */ = {
			isa = XCVersionGroup;
			children = (
				840FE2BA27D5D28A00B574C4 /* Breathwork_Pacer.xcdatamodel */,
			);
			currentVersion = 840FE2BA27D5D28A00B574C4 /* Breathwork_Pacer.xcdatamodel */;
			path = Breathwork_Pacer.xcdatamodeld;
			sourceTree = "<group>";
			versionGroupType = wrapper.xcdatamodel;
		};
/* End XCVersionGroup section */
	};
	rootObject = 840FE2A327D5D28A00B574C4 /* Project object */;
}
